{
  "name": "bulkreddit",
  "version": "1.0.0",
  "lockfileVersion": 1,
  "dependencies": {
    "reddit.js": {
      "version": "0.1.4",
      "resolved": "https://registry.npmjs.org/reddit.js/-/reddit.js-0.1.4.tgz",
      "integrity": "sha512-od2J5IVIOVXK3CIlPq0mbfj/SNyCo7UH1oLwJFniTh3NAfOz7usNIjcE7jvLQqpOmS/feaxvnK8Rxz86z7rXrg=="
    }
  }
}
